
Microsoft Visual Studio Solution File, Format Version 12.00
# Visual Studio Version 17
VisualStudioVersion = 17.1.31911.260
MinimumVisualStudioVersion = 10.0.40219.1
Project("{9A19103F-16F7-4668-BE54-9A1E7A4F7556}") = "MemHistoryWpf", "MemoryHistoryWpf\MemHistoryWpf.csproj", "{B7F772DA-6E18-46C8-9E56-C3D71ACAD061}"
EndProject
Project("{9A19103F-16F7-4668-BE54-9A1E7A4F7556}") = "MemoryUsageAvalonia", "MemoryUsageAvalonia\MemoryUsageAvalonia.csproj", "{E0ED073F-CDE7-4397-B00F-1354D75303F3}"
EndProject
Project("{9A19103F-16F7-4668-BE54-9A1E7A4F7556}") = "MemoryUsage.Common", "MemoryUsage.Common\MemoryUsage.Common.csproj", "{965FA443-73EC-49F1-B774-DA132409CF2C}"
EndProject
Project("{2150E333-8FDC-42A3-9474-1A3956D46DE8}") = "Solution Items", "Solution Items", "{0DD8C087-0122-4B08-81C9-0BA720FB7BA1}"
	ProjectSection(SolutionItems) = preProject
		.editorconfig = .editorconfig
	EndProjectSection
EndProject
Global
	GlobalSection(SolutionConfigurationPlatforms) = preSolution
		Debug|Any CPU = Debug|Any CPU
		Release|Any CPU = Release|Any CPU
	EndGlobalSection
	GlobalSection(ProjectConfigurationPlatforms) = postSolution
		{B7F772DA-6E18-46C8-9E56-C3D71ACAD061}.Debug|Any CPU.ActiveCfg = Debug|Any CPU
		{B7F772DA-6E18-46C8-9E56-C3D71ACAD061}.Debug|Any CPU.Build.0 = Debug|Any CPU
		{B7F772DA-6E18-46C8-9E56-C3D71ACAD061}.Release|Any CPU.ActiveCfg = Release|Any CPU
		{B7F772DA-6E18-46C8-9E56-C3D71ACAD061}.Release|Any CPU.Build.0 = Release|Any CPU
		{E0ED073F-CDE7-4397-B00F-1354D75303F3}.Debug|Any CPU.ActiveCfg = Debug|Any CPU
		{E0ED073F-CDE7-4397-B00F-1354D75303F3}.Debug|Any CPU.Build.0 = Debug|Any CPU
		{E0ED073F-CDE7-4397-B00F-1354D75303F3}.Release|Any CPU.ActiveCfg = Release|Any CPU
		{E0ED073F-CDE7-4397-B00F-1354D75303F3}.Release|Any CPU.Build.0 = Release|Any CPU
		{965FA443-73EC-49F1-B774-DA132409CF2C}.Debug|Any CPU.ActiveCfg = Debug|Any CPU
		{965FA443-73EC-49F1-B774-DA132409CF2C}.Debug|Any CPU.Build.0 = Debug|Any CPU
		{965FA443-73EC-49F1-B774-DA132409CF2C}.Release|Any CPU.ActiveCfg = Release|Any CPU
		{965FA443-73EC-49F1-B774-DA132409CF2C}.Release|Any CPU.Build.0 = Release|Any CPU
	EndGlobalSection
	GlobalSection(SolutionProperties) = preSolution
		HideSolutionNode = FALSE
	EndGlobalSection
	GlobalSection(ExtensibilityGlobals) = postSolution
		SolutionGuid = {6D51C533-08A1-433A-8088-1E9830EA750A}
	EndGlobalSection
EndGlobal
